{"1.1.0",
[{<<"pp_record">>,{pkg,<<"pp_record">>,<<"0.1.3">>},0},
 {<<"proper">>,{pkg,<<"proper">>,<<"1.3.0">>},0},
 {<<"quickrand">>,{pkg,<<"quickrand">>,<<"1.8.0">>},1},
 {<<"redbug">>,{pkg,<<"redbug">>,<<"1.2.1">>},0},
 {<<"uuid">>,{pkg,<<"uuid_erl">>,<<"1.8.0">>},0}]}.
[
{pkg_hash,[
 {<<"pp_record">>, <<"BDB1ED564D9BE9B2CB4BDCF0979073EC417378169B3DDA760922C7455A0314D3">>},
 {<<"proper">>, <<"C1ACD51C51DA17A2FE91D7A6FC6A0C25A6A9849D8DC77093533109D1218D8457">>},
 {<<"quickrand">>, <<"E47CE597FF067385FF5836C8C7706AC7F8AA7B47DD90C6417E05B64696F872FA">>},
 {<<"redbug">>, <<"9153EE50E42C39CE3F6EFA65EE746F4A52896DA66862CFB59E7C0F838B7B8414">>},
 {<<"uuid">>, <<"280014F8FF57FCE36EE6E91C3ECF21CBFCE78AAE9854C09597BB4C11E27B66D6">>}]}
].
